
Microsoft Visual Studio Solution File, Format Version 12.00
# Visual Studio Version 16
VisualStudioVersion = 16.0.32126.315
MinimumVisualStudioVersion = 10.0.40219.1
Project("{FAE04EC0-301F-11D3-BF4B-00C04F79EFBC}") = "Moving Out", "Moving Out\Moving Out.csproj", "{BEF67252-0C43-4EFC-A135-D9F9B66E282F}"
EndProject
Global
	GlobalSection(SolutionConfigurationPlatforms) = preSolution
		Debug|Any CPU = Debug|Any CPU
		Release|Any CPU = Release|Any CPU
	EndGlobalSection
	GlobalSection(ProjectConfigurationPlatforms) = postSolution
		{BEF67252-0C43-4EFC-A135-D9F9B66E282F}.Debug|Any CPU.ActiveCfg = Debug|Any CPU
		{BEF67252-0C43-4EFC-A135-D9F9B66E282F}.Debug|Any CPU.Build.0 = Debug|Any CPU
		{BEF67252-0C43-4EFC-A135-D9F9B66E282F}.Release|Any CPU.ActiveCfg = Release|Any CPU
		{BEF67252-0C43-4EFC-A135-D9F9B66E282F}.Release|Any CPU.Build.0 = Release|Any CPU
	EndGlobalSection
	GlobalSection(SolutionProperties) = preSolution
		HideSolutionNode = FALSE
	EndGlobalSection
	GlobalSection(ExtensibilityGlobals) = postSolution
		SolutionGuid = {4941D63B-C3C5-4673-BC41-430442B59B4B}
	EndGlobalSection
EndGlobal
